
Microsoft Visual Studio Solution File, Format Version 12.00
# Visual Studio 15
VisualStudioVersion = 15.0.27130.2010
MinimumVisualStudioVersion = 10.0.40219.1
Project("{FAE04EC0-301F-11D3-BF4B-00C04F79EFBC}") = "FunWithArrays", "FunWithArrays\FunWithArrays.csproj", "{7F21903D-C999-4C15-AE07-F42AFAF373E2}"
EndProject
Global
	GlobalSection(SolutionConfigurationPlatforms) = preSolution
		Debug|Any CPU = Debug|Any CPU
		Release|Any CPU = Release|Any CPU
	EndGlobalSection
	GlobalSection(ProjectConfigurationPlatforms) = postSolution
		{7F21903D-C999-4C15-AE07-F42AFAF373E2}.Debug|Any CPU.ActiveCfg = Debug|Any CPU
		{7F21903D-C999-4C15-AE07-F42AFAF373E2}.Debug|Any CPU.Build.0 = Debug|Any CPU
		{7F21903D-C999-4C15-AE07-F42AFAF373E2}.Release|Any CPU.ActiveCfg = Release|Any CPU
		{7F21903D-C999-4C15-AE07-F42AFAF373E2}.Release|Any CPU.Build.0 = Release|Any CPU
	EndGlobalSection
	GlobalSection(SolutionProperties) = preSolution
		HideSolutionNode = FALSE
	EndGlobalSection
	GlobalSection(ExtensibilityGlobals) = postSolution
		SolutionGuid = {F3B1A085-9E75-4BDE-B4E1-20F34FBEE07B}
	EndGlobalSection
EndGlobal
