
Microsoft Visual Studio Solution File, Format Version 12.00
# Visual Studio 15
VisualStudioVersion = 15.0.27130.2010
MinimumVisualStudioVersion = 10.0.40219.1
Project("{FAE04EC0-301F-11D3-BF4B-00C04F79EFBC}") = "TypeConversions", "TypeConversions\TypeConversions.csproj", "{FCE51D28-4961-43F9-883D-BC2D4FC61B95}"
EndProject
Global
	GlobalSection(SolutionConfigurationPlatforms) = preSolution
		Debug|Any CPU = Debug|Any CPU
		Release|Any CPU = Release|Any CPU
	EndGlobalSection
	GlobalSection(ProjectConfigurationPlatforms) = postSolution
		{FCE51D28-4961-43F9-883D-BC2D4FC61B95}.Debug|Any CPU.ActiveCfg = Debug|Any CPU
		{FCE51D28-4961-43F9-883D-BC2D4FC61B95}.Debug|Any CPU.Build.0 = Debug|Any CPU
		{FCE51D28-4961-43F9-883D-BC2D4FC61B95}.Release|Any CPU.ActiveCfg = Release|Any CPU
		{FCE51D28-4961-43F9-883D-BC2D4FC61B95}.Release|Any CPU.Build.0 = Release|Any CPU
	EndGlobalSection
	GlobalSection(SolutionProperties) = preSolution
		HideSolutionNode = FALSE
	EndGlobalSection
	GlobalSection(ExtensibilityGlobals) = postSolution
		SolutionGuid = {DFE23EFB-E112-457F-859D-655D915DCF05}
	EndGlobalSection
EndGlobal
