
Microsoft Visual Studio Solution File, Format Version 12.00
# Visual Studio 15
VisualStudioVersion = 15.0.27130.2010
MinimumVisualStudioVersion = 10.0.40219.1
Project("{FAE04EC0-301F-11D3-BF4B-00C04F79EFBC}") = "BasicConsoleIO", "BasicConsoleIO\BasicConsoleIO.csproj", "{967DAABC-A52B-42EF-8E4D-8DC197BB1CA7}"
EndProject
Global
	GlobalSection(SolutionConfigurationPlatforms) = preSolution
		Debug|Any CPU = Debug|Any CPU
		Release|Any CPU = Release|Any CPU
	EndGlobalSection
	GlobalSection(ProjectConfigurationPlatforms) = postSolution
		{967DAABC-A52B-42EF-8E4D-8DC197BB1CA7}.Debug|Any CPU.ActiveCfg = Debug|Any CPU
		{967DAABC-A52B-42EF-8E4D-8DC197BB1CA7}.Debug|Any CPU.Build.0 = Debug|Any CPU
		{967DAABC-A52B-42EF-8E4D-8DC197BB1CA7}.Release|Any CPU.ActiveCfg = Release|Any CPU
		{967DAABC-A52B-42EF-8E4D-8DC197BB1CA7}.Release|Any CPU.Build.0 = Release|Any CPU
	EndGlobalSection
	GlobalSection(SolutionProperties) = preSolution
		HideSolutionNode = FALSE
	EndGlobalSection
	GlobalSection(ExtensibilityGlobals) = postSolution
		SolutionGuid = {3C07974D-6D79-4FE5-9B29-8984C36B7015}
	EndGlobalSection
EndGlobal
